// !$*UTF8*$!
{
	archiveVersion = 1;
	classes = {
	};
	objectVersion = 50;
	objects = {

/* Begin PBXBuildFile section */
		3811C09725D859A40033D474 /* cgHeightMap.cpp in Sources */ = {isa = PBXBuildFile; fileRef = 3811C09525D859A40033D474 /* cgHeightMap.cpp */; };
		381B65A025CF4D2E00B7FB07 /* plotWindow.cpp in Sources */ = {isa = PBXBuildFile; fileRef = 381B658825CF4D2D00B7FB07 /* plotWindow.cpp */; };
		381B65A125CF4D2E00B7FB07 /* main.cpp in Sources */ = {isa = PBXBuildFile; fileRef = 381B658A25CF4D2D00B7FB07 /* main.cpp */; };
		381B65A225CF4D2E00B7FB07 /* cgLog.cpp in Sources */ = {isa = PBXBuildFile; fileRef = 381B658E25CF4D2D00B7FB07 /* cgLog.cpp */; };
		381B65A325CF4D2E00B7FB07 /* Shader.cpp in Sources */ = {isa = PBXBuildFile; fileRef = 381B659125CF4D2D00B7FB07 /* Shader.cpp */; };
		381B65A425CF4D2E00B7FB07 /* cgWindowBase.cpp in Sources */ = {isa = PBXBuildFile; fileRef = 381B659225CF4D2D00B7FB07 /* cgWindowBase.cpp */; };
		381B65A525CF4D2E00B7FB07 /* cgVertexArray.cpp in Sources */ = {isa = PBXBuildFile; fileRef = 381B659425CF4D2D00B7FB07 /* cgVertexArray.cpp */; };
		381B65A625CF4D2E00B7FB07 /* cgQuad.cpp in Sources */ = {isa = PBXBuildFile; fileRef = 381B659725CF4D2D00B7FB07 /* cgQuad.cpp */; };
		381B65A725CF4D2E00B7FB07 /* cgVec.cpp in Sources */ = {isa = PBXBuildFile; fileRef = 381B659C25CF4D2D00B7FB07 /* cgVec.cpp */; };
		381B65A825CF4D2E00B7FB07 /* glad.c in Sources */ = {isa = PBXBuildFile; fileRef = 381B659E25CF4D2D00B7FB07 /* glad.c */; };
		381B65AB25CF631900B7FB07 /* cgTiming.cpp in Sources */ = {isa = PBXBuildFile; fileRef = 381B65A925CF631900B7FB07 /* cgTiming.cpp */; };
		381B65B125D3321400B7FB07 /* cgPlotBox.cpp in Sources */ = {isa = PBXBuildFile; fileRef = 381B65AF25D3321400B7FB07 /* cgPlotBox.cpp */; };
		381B65B425D333CC00B7FB07 /* cgPlotLine.cpp in Sources */ = {isa = PBXBuildFile; fileRef = 381B65B225D333CC00B7FB07 /* cgPlotLine.cpp */; };
		3843EF5C25CD0668004EAD53 /* libglfw.3.3.dylib in Frameworks */ = {isa = PBXBuildFile; fileRef = 3843EF5A25CD0604004EAD53 /* libglfw.3.3.dylib */; };
		3843EF5E25CD079D004EAD53 /* OpenGL.framework in Frameworks */ = {isa = PBXBuildFile; fileRef = 3843EF5D25CD079D004EAD53 /* OpenGL.framework */; };
		384BEB3925D884C200E128B8 /* cgHeightMap.cpp in Sources */ = {isa = PBXBuildFile; fileRef = 3811C09525D859A40033D474 /* cgHeightMap.cpp */; };
		384BEB3A25D884C200E128B8 /* cgHeightMap.hpp in Sources */ = {isa = PBXBuildFile; fileRef = 3811C09625D859A40033D474 /* cgHeightMap.hpp */; };
		384BEB3B25D884D400E128B8 /* cgHeightMap.hpp in Headers */ = {isa = PBXBuildFile; fileRef = 3811C09625D859A40033D474 /* cgHeightMap.hpp */; };
		384BEB4D25E2225F00E128B8 /* Mesh.cpp in Sources */ = {isa = PBXBuildFile; fileRef = 384BEB4B25E2225F00E128B8 /* Mesh.cpp */; };
		384BEB4E25E2225F00E128B8 /* Mesh.cpp in Sources */ = {isa = PBXBuildFile; fileRef = 384BEB4B25E2225F00E128B8 /* Mesh.cpp */; };
		384BEB4F25E2225F00E128B8 /* Mesh.hpp in Headers */ = {isa = PBXBuildFile; fileRef = 384BEB4C25E2225F00E128B8 /* Mesh.hpp */; };
		388FB09D261ACC27003C87F8 /* TestWindow.cpp in Sources */ = {isa = PBXBuildFile; fileRef = 388FB09B261ACC27003C87F8 /* TestWindow.cpp */; };
		388FB09E261ACC27003C87F8 /* TestWindow.cpp in Sources */ = {isa = PBXBuildFile; fileRef = 388FB09B261ACC27003C87F8 /* TestWindow.cpp */; };
		388FB09F261ACC27003C87F8 /* TestWindow.hpp in Headers */ = {isa = PBXBuildFile; fileRef = 388FB09C261ACC27003C87F8 /* TestWindow.hpp */; };
		388FB243261D1B51003C87F8 /* Voxel.cpp in Sources */ = {isa = PBXBuildFile; fileRef = 388FB241261D1B51003C87F8 /* Voxel.cpp */; };
		388FB244261D1B51003C87F8 /* Voxel.cpp in Sources */ = {isa = PBXBuildFile; fileRef = 388FB241261D1B51003C87F8 /* Voxel.cpp */; };
		388FB245261D1B51003C87F8 /* Voxel.hpp in Headers */ = {isa = PBXBuildFile; fileRef = 388FB242261D1B51003C87F8 /* Voxel.hpp */; };
		388FB248261D378C003C87F8 /* Camera.cpp in Sources */ = {isa = PBXBuildFile; fileRef = 388FB246261D378C003C87F8 /* Camera.cpp */; };
		388FB249261D378C003C87F8 /* Camera.cpp in Sources */ = {isa = PBXBuildFile; fileRef = 388FB246261D378C003C87F8 /* Camera.cpp */; };
		388FB24A261D378C003C87F8 /* Camera.hpp in Headers */ = {isa = PBXBuildFile; fileRef = 388FB247261D378C003C87F8 /* Camera.hpp */; };
		388FB24C261E6B19003C87F8 /* stb_image.h in Headers */ = {isa = PBXBuildFile; fileRef = 388FB24B261E6B19003C87F8 /* stb_image.h */; };
		388FB24F261EAC91003C87F8 /* Texture.cpp in Sources */ = {isa = PBXBuildFile; fileRef = 388FB24D261EAC91003C87F8 /* Texture.cpp */; };
		388FB250261EAC91003C87F8 /* Texture.cpp in Sources */ = {isa = PBXBuildFile; fileRef = 388FB24D261EAC91003C87F8 /* Texture.cpp */; };
		388FB251261EAC91003C87F8 /* Texture.hpp in Headers */ = {isa = PBXBuildFile; fileRef = 388FB24E261EAC91003C87F8 /* Texture.hpp */; };
		38B8696C25D3A80C00024E0D /* OpenGL.framework in Frameworks */ = {isa = PBXBuildFile; fileRef = 3843EF5D25CD079D004EAD53 /* OpenGL.framework */; };
		38B8696D25D3A86000024E0D /* libglfw.3.3.dylib in Frameworks */ = {isa = PBXBuildFile; fileRef = 3843EF5A25CD0604004EAD53 /* libglfw.3.3.dylib */; };
		38B8696E25D3A88600024E0D /* glad.c in Sources */ = {isa = PBXBuildFile; fileRef = 381B659E25CF4D2D00B7FB07 /* glad.c */; };
		38B8696F25D3A88600024E0D /* plotWindow.cpp in Sources */ = {isa = PBXBuildFile; fileRef = 381B658825CF4D2D00B7FB07 /* plotWindow.cpp */; };
		38B8697025D3A88600024E0D /* plotWindow.h in Sources */ = {isa = PBXBuildFile; fileRef = 381B658B25CF4D2D00B7FB07 /* plotWindow.h */; };
		38B8697125D3A88600024E0D /* cgPlotBox.cpp in Sources */ = {isa = PBXBuildFile; fileRef = 381B65AF25D3321400B7FB07 /* cgPlotBox.cpp */; };
		38B8697225D3A88600024E0D /* cgPlotBox.hpp in Sources */ = {isa = PBXBuildFile; fileRef = 381B65B025D3321400B7FB07 /* cgPlotBox.hpp */; };
		38B8697325D3A88600024E0D /* cgPlotLine.cpp in Sources */ = {isa = PBXBuildFile; fileRef = 381B65B225D333CC00B7FB07 /* cgPlotLine.cpp */; };
		38B8697425D3A88600024E0D /* cgPlotLine.hpp in Sources */ = {isa = PBXBuildFile; fileRef = 381B65B325D333CC00B7FB07 /* cgPlotLine.hpp */; };
		38B8697525D3A88600024E0D /* cgLog.cpp in Sources */ = {isa = PBXBuildFile; fileRef = 381B658E25CF4D2D00B7FB07 /* cgLog.cpp */; };
		38B8697625D3A88600024E0D /* cgWindowBase.h in Sources */ = {isa = PBXBuildFile; fileRef = 381B658F25CF4D2D00B7FB07 /* cgWindowBase.h */; };
		38B8697725D3A88600024E0D /* cgWindowBase.cpp in Sources */ = {isa = PBXBuildFile; fileRef = 381B659225CF4D2D00B7FB07 /* cgWindowBase.cpp */; };
		38B8697825D3A88600024E0D /* Shader.h in Sources */ = {isa = PBXBuildFile; fileRef = 381B659025CF4D2D00B7FB07 /* Shader.h */; };
		38B8697925D3A88600024E0D /* Shader.cpp in Sources */ = {isa = PBXBuildFile; fileRef = 381B659125CF4D2D00B7FB07 /* Shader.cpp */; };
		38B8697A25D3A88600024E0D /* cgLog.hpp in Sources */ = {isa = PBXBuildFile; fileRef = 381B659325CF4D2D00B7FB07 /* cgLog.hpp */; };
		38B8697B25D3A88600024E0D /* cgVertexArray.cpp in Sources */ = {isa = PBXBuildFile; fileRef = 381B659425CF4D2D00B7FB07 /* cgVertexArray.cpp */; };
		38B8697C25D3A88600024E0D /* cgVertexArray.h in Sources */ = {isa = PBXBuildFile; fileRef = 381B659525CF4D2D00B7FB07 /* cgVertexArray.h */; };
		38B8697D25D3A88600024E0D /* cgTiming.cpp in Sources */ = {isa = PBXBuildFile; fileRef = 381B65A925CF631900B7FB07 /* cgTiming.cpp */; };
		38B8697E25D3A88600024E0D /* cgTiming.hpp in Sources */ = {isa = PBXBuildFile; fileRef = 381B65AA25CF631900B7FB07 /* cgTiming.hpp */; };
		38B8697F25D3A88600024E0D /* cgQuad.cpp in Sources */ = {isa = PBXBuildFile; fileRef = 381B659725CF4D2D00B7FB07 /* cgQuad.cpp */; };
		38B8698025D3A88600024E0D /* cgQuad.h in Sources */ = {isa = PBXBuildFile; fileRef = 381B659825CF4D2D00B7FB07 /* cgQuad.h */; };
		38B8698125D3A88600024E0D /* cgColor.h in Sources */ = {isa = PBXBuildFile; fileRef = 381B659925CF4D2D00B7FB07 /* cgColor.h */; };
		38B8698225D3A88600024E0D /* Drawable.h in Sources */ = {isa = PBXBuildFile; fileRef = 381B65AE25D3319100B7FB07 /* Drawable.h */; };
		38B8698325D3A88600024E0D /* cgRect.hpp in Sources */ = {isa = PBXBuildFile; fileRef = 381B65B625D3349C00B7FB07 /* cgRect.hpp */; };
		38B8698425D3A88600024E0D /* cGraphics.h in Sources */ = {isa = PBXBuildFile; fileRef = 381B659A25CF4D2D00B7FB07 /* cGraphics.h */; };
		38B8698525D3A88600024E0D /* cgVec.cpp in Sources */ = {isa = PBXBuildFile; fileRef = 381B659C25CF4D2D00B7FB07 /* cgVec.cpp */; };
		38B8698625D3A88600024E0D /* cgVec.hpp in Sources */ = {isa = PBXBuildFile; fileRef = 381B659D25CF4D2D00B7FB07 /* cgVec.hpp */; };
		38B8698725D3A89100024E0D /* plotWindow.h in Headers */ = {isa = PBXBuildFile; fileRef = 381B658B25CF4D2D00B7FB07 /* plotWindow.h */; };
		38D762A7262B90340005560E /* Batch.cpp in Sources */ = {isa = PBXBuildFile; fileRef = 38D762A5262B90340005560E /* Batch.cpp */; };
		38D762A8262B90340005560E /* Batch.cpp in Sources */ = {isa = PBXBuildFile; fileRef = 38D762A5262B90340005560E /* Batch.cpp */; };
		38D762A9262B90340005560E /* Batch.hpp in Headers */ = {isa = PBXBuildFile; fileRef = 38D762A6262B90340005560E /* Batch.hpp */; };
/* End PBXBuildFile section */

/* Begin PBXCopyFilesBuildPhase section */
		3843EF3C25CCF62E004EAD53 /* CopyFiles */ = {
			isa = PBXCopyFilesBuildPhase;
			buildActionMask = 2147483647;
			dstPath = /usr/share/man/man1/;
			dstSubfolderSpec = 0;
			files = (
			);
			runOnlyForDeploymentPostprocessing = 1;
		};
/* End PBXCopyFilesBuildPhase section */

/* Begin PBXFileReference section */
		3811C09525D859A40033D474 /* cgHeightMap.cpp */ = {isa = PBXFileReference; lastKnownFileType = sourcecode.cpp.cpp; path = cgHeightMap.cpp; sourceTree = "<group>"; };
		3811C09625D859A40033D474 /* cgHeightMap.hpp */ = {isa = PBXFileReference; lastKnownFileType = sourcecode.cpp.h; path = cgHeightMap.hpp; sourceTree = "<group>"; };
		381B658825CF4D2D00B7FB07 /* plotWindow.cpp */ = {isa = PBXFileReference; fileEncoding = 4; lastKnownFileType = sourcecode.cpp.cpp; path = plotWindow.cpp; sourceTree = "<group>"; };
		381B658925CF4D2D00B7FB07 /* default.vs */ = {isa = PBXFileReference; fileEncoding = 4; lastKnownFileType = sourcecode.glsl; path = default.vs; sourceTree = "<group>"; };
		381B658A25CF4D2D00B7FB07 /* main.cpp */ = {isa = PBXFileReference; fileEncoding = 4; lastKnownFileType = sourcecode.cpp.cpp; path = main.cpp; sourceTree = "<group>"; };
		381B658B25CF4D2D00B7FB07 /* plotWindow.h */ = {isa = PBXFileReference; fileEncoding = 4; lastKnownFileType = sourcecode.c.h; path = plotWindow.h; sourceTree = "<group>"; };
		381B658E25CF4D2D00B7FB07 /* cgLog.cpp */ = {isa = PBXFileReference; fileEncoding = 4; lastKnownFileType = sourcecode.cpp.cpp; path = cgLog.cpp; sourceTree = "<group>"; };
		381B658F25CF4D2D00B7FB07 /* cgWindowBase.h */ = {isa = PBXFileReference; fileEncoding = 4; lastKnownFileType = sourcecode.c.h; path = cgWindowBase.h; sourceTree = "<group>"; };
		381B659025CF4D2D00B7FB07 /* Shader.h */ = {isa = PBXFileReference; fileEncoding = 4; lastKnownFileType = sourcecode.c.h; path = Shader.h; sourceTree = "<group>"; };
		381B659125CF4D2D00B7FB07 /* Shader.cpp */ = {isa = PBXFileReference; fileEncoding = 4; lastKnownFileType = sourcecode.cpp.cpp; path = Shader.cpp; sourceTree = "<group>"; };
		381B659225CF4D2D00B7FB07 /* cgWindowBase.cpp */ = {isa = PBXFileReference; fileEncoding = 4; lastKnownFileType = sourcecode.cpp.cpp; path = cgWindowBase.cpp; sourceTree = "<group>"; };
		381B659325CF4D2D00B7FB07 /* cgLog.hpp */ = {isa = PBXFileReference; fileEncoding = 4; lastKnownFileType = sourcecode.cpp.h; path = cgLog.hpp; sourceTree = "<group>"; };
		381B659425CF4D2D00B7FB07 /* cgVertexArray.cpp */ = {isa = PBXFileReference; fileEncoding = 4; lastKnownFileType = sourcecode.cpp.cpp; path = cgVertexArray.cpp; sourceTree = "<group>"; };
		381B659525CF4D2D00B7FB07 /* cgVertexArray.h */ = {isa = PBXFileReference; fileEncoding = 4; lastKnownFileType = sourcecode.c.h; path = cgVertexArray.h; sourceTree = "<group>"; };
		381B659725CF4D2D00B7FB07 /* cgQuad.cpp */ = {isa = PBXFileReference; fileEncoding = 4; lastKnownFileType = sourcecode.cpp.cpp; path = cgQuad.cpp; sourceTree = "<group>"; };
		381B659825CF4D2D00B7FB07 /* cgQuad.h */ = {isa = PBXFileReference; fileEncoding = 4; lastKnownFileType = sourcecode.c.h; path = cgQuad.h; sourceTree = "<group>"; };
		381B659925CF4D2D00B7FB07 /* cgColor.h */ = {isa = PBXFileReference; fileEncoding = 4; lastKnownFileType = sourcecode.c.h; path = cgColor.h; sourceTree = "<group>"; };
		381B659A25CF4D2D00B7FB07 /* cGraphics.h */ = {isa = PBXFileReference; fileEncoding = 4; lastKnownFileType = sourcecode.c.h; path = cGraphics.h; sourceTree = "<group>"; };
		381B659C25CF4D2D00B7FB07 /* cgVec.cpp */ = {isa = PBXFileReference; fileEncoding = 4; lastKnownFileType = sourcecode.cpp.cpp; path = cgVec.cpp; sourceTree = "<group>"; };
		381B659D25CF4D2D00B7FB07 /* cgVec.hpp */ = {isa = PBXFileReference; fileEncoding = 4; lastKnownFileType = sourcecode.cpp.h; path = cgVec.hpp; sourceTree = "<group>"; };
		381B659E25CF4D2D00B7FB07 /* glad.c */ = {isa = PBXFileReference; fileEncoding = 4; lastKnownFileType = sourcecode.c.c; path = glad.c; sourceTree = "<group>"; };
		381B659F25CF4D2D00B7FB07 /* default.fs */ = {isa = PBXFileReference; fileEncoding = 4; lastKnownFileType = sourcecode.glsl; path = default.fs; sourceTree = "<group>"; };
		381B65A925CF631900B7FB07 /* cgTiming.cpp */ = {isa = PBXFileReference; lastKnownFileType = sourcecode.cpp.cpp; path = cgTiming.cpp; sourceTree = "<group>"; };
		381B65AA25CF631900B7FB07 /* cgTiming.hpp */ = {isa = PBXFileReference; lastKnownFileType = sourcecode.cpp.h; path = cgTiming.hpp; sourceTree = "<group>"; };
		381B65AE25D3319100B7FB07 /* Drawable.h */ = {isa = PBXFileReference; lastKnownFileType = sourcecode.c.h; path = Drawable.h; sourceTree = "<group>"; };
		381B65AF25D3321400B7FB07 /* cgPlotBox.cpp */ = {isa = PBXFileReference; lastKnownFileType = sourcecode.cpp.cpp; path = cgPlotBox.cpp; sourceTree = "<group>"; };
		381B65B025D3321400B7FB07 /* cgPlotBox.hpp */ = {isa = PBXFileReference; lastKnownFileType = sourcecode.cpp.h; path = cgPlotBox.hpp; sourceTree = "<group>"; };
		381B65B225D333CC00B7FB07 /* cgPlotLine.cpp */ = {isa = PBXFileReference; lastKnownFileType = sourcecode.cpp.cpp; path = cgPlotLine.cpp; sourceTree = "<group>"; };
		381B65B325D333CC00B7FB07 /* cgPlotLine.hpp */ = {isa = PBXFileReference; lastKnownFileType = sourcecode.cpp.h; path = cgPlotLine.hpp; sourceTree = "<group>"; };
		381B65B625D3349C00B7FB07 /* cgRect.hpp */ = {isa = PBXFileReference; lastKnownFileType = sourcecode.cpp.h; path = cgRect.hpp; sourceTree = "<group>"; };
		3843EF3E25CCF62E004EAD53 /* cGraphics */ = {isa = PBXFileReference; explicitFileType = "compiled.mach-o.executable"; includeInIndex = 0; path = cGraphics; sourceTree = BUILT_PRODUCTS_DIR; };
		3843EF5A25CD0604004EAD53 /* libglfw.3.3.dylib */ = {isa = PBXFileReference; lastKnownFileType = "compiled.mach-o.dylib"; name = libglfw.3.3.dylib; path = ../../../../usr/local/lib/libglfw.3.3.dylib; sourceTree = "<group>"; };
		3843EF5D25CD079D004EAD53 /* OpenGL.framework */ = {isa = PBXFileReference; lastKnownFileType = wrapper.framework; name = OpenGL.framework; path = System/Library/Frameworks/OpenGL.framework; sourceTree = SDKROOT; };
		384BEB4B25E2225F00E128B8 /* Mesh.cpp */ = {isa = PBXFileReference; lastKnownFileType = sourcecode.cpp.cpp; path = Mesh.cpp; sourceTree = "<group>"; };
		384BEB4C25E2225F00E128B8 /* Mesh.hpp */ = {isa = PBXFileReference; lastKnownFileType = sourcecode.cpp.h; path = Mesh.hpp; sourceTree = "<group>"; };
		388FB09B261ACC27003C87F8 /* TestWindow.cpp */ = {isa = PBXFileReference; lastKnownFileType = sourcecode.cpp.cpp; path = TestWindow.cpp; sourceTree = "<group>"; };
		388FB09C261ACC27003C87F8 /* TestWindow.hpp */ = {isa = PBXFileReference; lastKnownFileType = sourcecode.cpp.h; path = TestWindow.hpp; sourceTree = "<group>"; };
		388FB23B261BF168003C87F8 /* meshShader.vs */ = {isa = PBXFileReference; lastKnownFileType = sourcecode.glsl; path = meshShader.vs; sourceTree = "<group>"; };
		388FB241261D1B51003C87F8 /* Voxel.cpp */ = {isa = PBXFileReference; lastKnownFileType = sourcecode.cpp.cpp; path = Voxel.cpp; sourceTree = "<group>"; };
		388FB242261D1B51003C87F8 /* Voxel.hpp */ = {isa = PBXFileReference; lastKnownFileType = sourcecode.cpp.h; path = Voxel.hpp; sourceTree = "<group>"; };
		388FB246261D378C003C87F8 /* Camera.cpp */ = {isa = PBXFileReference; lastKnownFileType = sourcecode.cpp.cpp; path = Camera.cpp; sourceTree = "<group>"; };
		388FB247261D378C003C87F8 /* Camera.hpp */ = {isa = PBXFileReference; lastKnownFileType = sourcecode.cpp.h; path = Camera.hpp; sourceTree = "<group>"; };
		388FB24B261E6B19003C87F8 /* stb_image.h */ = {isa = PBXFileReference; fileEncoding = 4; lastKnownFileType = sourcecode.c.h; path = stb_image.h; sourceTree = "<group>"; };
		388FB24D261EAC91003C87F8 /* Texture.cpp */ = {isa = PBXFileReference; lastKnownFileType = sourcecode.cpp.cpp; path = Texture.cpp; sourceTree = "<group>"; };
		388FB24E261EAC91003C87F8 /* Texture.hpp */ = {isa = PBXFileReference; lastKnownFileType = sourcecode.cpp.h; path = Texture.hpp; sourceTree = "<group>"; };
		38B8696825D3A78100024E0D /* libcgPlot.dylib */ = {isa = PBXFileReference; explicitFileType = "compiled.mach-o.dylib"; includeInIndex = 0; path = libcgPlot.dylib; sourceTree = BUILT_PRODUCTS_DIR; };
		38D762A5262B90340005560E /* Batch.cpp */ = {isa = PBXFileReference; lastKnownFileType = sourcecode.cpp.cpp; path = Batch.cpp; sourceTree = "<group>"; };
		38D762A6262B90340005560E /* Batch.hpp */ = {isa = PBXFileReference; lastKnownFileType = sourcecode.cpp.h; path = Batch.hpp; sourceTree = "<group>"; };
/* End PBXFileReference section */

/* Begin PBXFrameworksBuildPhase section */
		3843EF3B25CCF62E004EAD53 /* Frameworks */ = {
			isa = PBXFrameworksBuildPhase;
			buildActionMask = 2147483647;
			files = (
				3843EF5E25CD079D004EAD53 /* OpenGL.framework in Frameworks */,
				3843EF5C25CD0668004EAD53 /* libglfw.3.3.dylib in Frameworks */,
			);
			runOnlyForDeploymentPostprocessing = 0;
		};
		38B8696625D3A78100024E0D /* Frameworks */ = {
			isa = PBXFrameworksBuildPhase;
			buildActionMask = 2147483647;
			files = (
				38B8696D25D3A86000024E0D /* libglfw.3.3.dylib in Frameworks */,
				38B8696C25D3A80C00024E0D /* OpenGL.framework in Frameworks */,
			);
			runOnlyForDeploymentPostprocessing = 0;
		};
/* End PBXFrameworksBuildPhase section */

/* Begin PBXGroup section */
		381B658C25CF4D2D00B7FB07 /* src */ = {
			isa = PBXGroup;
			children = (
				381B65AD25D3303E00B7FB07 /* cgPlot */,
				381B658D25CF4D2D00B7FB07 /* Render_Level */,
				381B659625CF4D2D00B7FB07 /* cGraphics_primitives */,
				381B659A25CF4D2D00B7FB07 /* cGraphics.h */,
				381B659B25CF4D2D00B7FB07 /* cgMath */,
			);
			path = src;
			sourceTree = "<group>";
		};
		381B658D25CF4D2D00B7FB07 /* Render_Level */ = {
			isa = PBXGroup;
			children = (
				381B658E25CF4D2D00B7FB07 /* cgLog.cpp */,
				381B658F25CF4D2D00B7FB07 /* cgWindowBase.h */,
				381B659225CF4D2D00B7FB07 /* cgWindowBase.cpp */,
				381B659025CF4D2D00B7FB07 /* Shader.h */,
				381B659125CF4D2D00B7FB07 /* Shader.cpp */,
				381B659325CF4D2D00B7FB07 /* cgLog.hpp */,
				381B659425CF4D2D00B7FB07 /* cgVertexArray.cpp */,
				381B659525CF4D2D00B7FB07 /* cgVertexArray.h */,
				381B65A925CF631900B7FB07 /* cgTiming.cpp */,
				381B65AA25CF631900B7FB07 /* cgTiming.hpp */,
				384BEB4B25E2225F00E128B8 /* Mesh.cpp */,
				384BEB4C25E2225F00E128B8 /* Mesh.hpp */,
				388FB246261D378C003C87F8 /* Camera.cpp */,
				388FB247261D378C003C87F8 /* Camera.hpp */,
				388FB24D261EAC91003C87F8 /* Texture.cpp */,
				388FB24E261EAC91003C87F8 /* Texture.hpp */,
				38D762A5262B90340005560E /* Batch.cpp */,
				38D762A6262B90340005560E /* Batch.hpp */,
			);
			path = Render_Level;
			sourceTree = "<group>";
		};
		381B659625CF4D2D00B7FB07 /* cGraphics_primitives */ = {
			isa = PBXGroup;
			children = (
				381B659725CF4D2D00B7FB07 /* cgQuad.cpp */,
				381B659825CF4D2D00B7FB07 /* cgQuad.h */,
				381B659925CF4D2D00B7FB07 /* cgColor.h */,
				381B65AE25D3319100B7FB07 /* Drawable.h */,
				381B65B625D3349C00B7FB07 /* cgRect.hpp */,
				388FB241261D1B51003C87F8 /* Voxel.cpp */,
				388FB242261D1B51003C87F8 /* Voxel.hpp */,
			);
			path = cGraphics_primitives;
			sourceTree = "<group>";
		};
		381B659B25CF4D2D00B7FB07 /* cgMath */ = {
			isa = PBXGroup;
			children = (
				381B659C25CF4D2D00B7FB07 /* cgVec.cpp */,
				381B659D25CF4D2D00B7FB07 /* cgVec.hpp */,
			);
			path = cgMath;
			sourceTree = "<group>";
		};
		381B65AD25D3303E00B7FB07 /* cgPlot */ = {
			isa = PBXGroup;
			children = (
				381B65AF25D3321400B7FB07 /* cgPlotBox.cpp */,
				381B65B025D3321400B7FB07 /* cgPlotBox.hpp */,
				381B65B225D333CC00B7FB07 /* cgPlotLine.cpp */,
				381B65B325D333CC00B7FB07 /* cgPlotLine.hpp */,
				3811C09525D859A40033D474 /* cgHeightMap.cpp */,
				3811C09625D859A40033D474 /* cgHeightMap.hpp */,
			);
			path = cgPlot;
			sourceTree = "<group>";
		};
		3843EF3525CCF62E004EAD53 = {
			isa = PBXGroup;
			children = (
				3843EF4025CCF62E004EAD53 /* cGraphics */,
				3843EF3F25CCF62E004EAD53 /* Products */,
				3843EF5925CD0604004EAD53 /* Frameworks */,
			);
			sourceTree = "<group>";
		};
		3843EF3F25CCF62E004EAD53 /* Products */ = {
			isa = PBXGroup;
			children = (
				3843EF3E25CCF62E004EAD53 /* cGraphics */,
				38B8696825D3A78100024E0D /* libcgPlot.dylib */,
			);
			name = Products;
			sourceTree = "<group>";
		};
		3843EF4025CCF62E004EAD53 /* cGraphics */ = {
			isa = PBXGroup;
			children = (
				388FB24B261E6B19003C87F8 /* stb_image.h */,
				381B659F25CF4D2D00B7FB07 /* default.fs */,
				388FB23B261BF168003C87F8 /* meshShader.vs */,
				381B658925CF4D2D00B7FB07 /* default.vs */,
				381B659E25CF4D2D00B7FB07 /* glad.c */,
				381B658A25CF4D2D00B7FB07 /* main.cpp */,
				381B658825CF4D2D00B7FB07 /* plotWindow.cpp */,
				381B658B25CF4D2D00B7FB07 /* plotWindow.h */,
				381B658C25CF4D2D00B7FB07 /* src */,
				388FB09B261ACC27003C87F8 /* TestWindow.cpp */,
				388FB09C261ACC27003C87F8 /* TestWindow.hpp */,
			);
			path = cGraphics;
			sourceTree = "<group>";
		};
		3843EF5925CD0604004EAD53 /* Frameworks */ = {
			isa = PBXGroup;
			children = (
				3843EF5D25CD079D004EAD53 /* OpenGL.framework */,
				3843EF5A25CD0604004EAD53 /* libglfw.3.3.dylib */,
			);
			name = Frameworks;
			sourceTree = "<group>";
		};
/* End PBXGroup section */

/* Begin PBXHeadersBuildPhase section */
		38B8696425D3A78100024E0D /* Headers */ = {
			isa = PBXHeadersBuildPhase;
			buildActionMask = 2147483647;
			files = (
				388FB251261EAC91003C87F8 /* Texture.hpp in Headers */,
				388FB09F261ACC27003C87F8 /* TestWindow.hpp in Headers */,
				388FB24A261D378C003C87F8 /* Camera.hpp in Headers */,
				388FB24C261E6B19003C87F8 /* stb_image.h in Headers */,
				384BEB3B25D884D400E128B8 /* cgHeightMap.hpp in Headers */,
				388FB245261D1B51003C87F8 /* Voxel.hpp in Headers */,
				38D762A9262B90340005560E /* Batch.hpp in Headers */,
				38B8698725D3A89100024E0D /* plotWindow.h in Headers */,
				384BEB4F25E2225F00E128B8 /* Mesh.hpp in Headers */,
			);
			runOnlyForDeploymentPostprocessing = 0;
		};
/* End PBXHeadersBuildPhase section */

/* Begin PBXNativeTarget section */
		3843EF3D25CCF62E004EAD53 /* cGraphics */ = {
			isa = PBXNativeTarget;
			buildConfigurationList = 3843EF4525CCF62E004EAD53 /* Build configuration list for PBXNativeTarget "cGraphics" */;
			buildPhases = (
				3843EF3A25CCF62E004EAD53 /* Sources */,
				3843EF3B25CCF62E004EAD53 /* Frameworks */,
				3843EF3C25CCF62E004EAD53 /* CopyFiles */,
			);
			buildRules = (
			);
			dependencies = (
			);
			name = cGraphics;
			productName = cGraphics;
			productReference = 3843EF3E25CCF62E004EAD53 /* cGraphics */;
			productType = "com.apple.product-type.tool";
		};
		38B8696725D3A78100024E0D /* cgPlot */ = {
			isa = PBXNativeTarget;
			buildConfigurationList = 38B8696925D3A78100024E0D /* Build configuration list for PBXNativeTarget "cgPlot" */;
			buildPhases = (
				38B8696425D3A78100024E0D /* Headers */,
				38B8696525D3A78100024E0D /* Sources */,
				38B8696625D3A78100024E0D /* Frameworks */,
			);
			buildRules = (
			);
			dependencies = (
			);
			name = cgPlot;
			productName = cgPlot;
			productReference = 38B8696825D3A78100024E0D /* libcgPlot.dylib */;
			productType = "com.apple.product-type.library.dynamic";
		};
/* End PBXNativeTarget section */

/* Begin PBXProject section */
		3843EF3625CCF62E004EAD53 /* Project object */ = {
			isa = PBXProject;
			attributes = {
				LastUpgradeCheck = 1030;
				ORGANIZATIONNAME = "Charles callahan";
				TargetAttributes = {
					3843EF3D25CCF62E004EAD53 = {
						CreatedOnToolsVersion = 10.3;
					};
					38B8696725D3A78100024E0D = {
						CreatedOnToolsVersion = 10.3;
					};
				};
			};
			buildConfigurationList = 3843EF3925CCF62E004EAD53 /* Build configuration list for PBXProject "cGraphics" */;
			compatibilityVersion = "Xcode 9.3";
			developmentRegion = en;
			hasScannedForEncodings = 0;
			knownRegions = (
				en,
			);
			mainGroup = 3843EF3525CCF62E004EAD53;
			productRefGroup = 3843EF3F25CCF62E004EAD53 /* Products */;
			projectDirPath = "";
			projectRoot = "";
			targets = (
				3843EF3D25CCF62E004EAD53 /* cGraphics */,
				38B8696725D3A78100024E0D /* cgPlot */,
			);
		};
/* End PBXProject section */

/* Begin PBXSourcesBuildPhase section */
		3843EF3A25CCF62E004EAD53 /* Sources */ = {
			isa = PBXSourcesBuildPhase;
			buildActionMask = 2147483647;
			files = (
				381B65A225CF4D2E00B7FB07 /* cgLog.cpp in Sources */,
				381B65AB25CF631900B7FB07 /* cgTiming.cpp in Sources */,
				3811C09725D859A40033D474 /* cgHeightMap.cpp in Sources */,
				388FB243261D1B51003C87F8 /* Voxel.cpp in Sources */,
				388FB248261D378C003C87F8 /* Camera.cpp in Sources */,
				381B65A525CF4D2E00B7FB07 /* cgVertexArray.cpp in Sources */,
				381B65A725CF4D2E00B7FB07 /* cgVec.cpp in Sources */,
				381B65B425D333CC00B7FB07 /* cgPlotLine.cpp in Sources */,
				388FB09D261ACC27003C87F8 /* TestWindow.cpp in Sources */,
				381B65A125CF4D2E00B7FB07 /* main.cpp in Sources */,
				381B65A325CF4D2E00B7FB07 /* Shader.cpp in Sources */,
				381B65B125D3321400B7FB07 /* cgPlotBox.cpp in Sources */,
				38D762A7262B90340005560E /* Batch.cpp in Sources */,
				388FB24F261EAC91003C87F8 /* Texture.cpp in Sources */,
				381B65A425CF4D2E00B7FB07 /* cgWindowBase.cpp in Sources */,
				384BEB4D25E2225F00E128B8 /* Mesh.cpp in Sources */,
				381B65A025CF4D2E00B7FB07 /* plotWindow.cpp in Sources */,
				381B65A625CF4D2E00B7FB07 /* cgQuad.cpp in Sources */,
				381B65A825CF4D2E00B7FB07 /* glad.c in Sources */,
			);
			runOnlyForDeploymentPostprocessing = 0;
		};
		38B8696525D3A78100024E0D /* Sources */ = {
			isa = PBXSourcesBuildPhase;
			buildActionMask = 2147483647;
			files = (
				384BEB3925D884C200E128B8 /* cgHeightMap.cpp in Sources */,
				384BEB3A25D884C200E128B8 /* cgHeightMap.hpp in Sources */,
				38B8696E25D3A88600024E0D /* glad.c in Sources */,
				38B8696F25D3A88600024E0D /* plotWindow.cpp in Sources */,
				388FB249261D378C003C87F8 /* Camera.cpp in Sources */,
				38B8697025D3A88600024E0D /* plotWindow.h in Sources */,
				38D762A8262B90340005560E /* Batch.cpp in Sources */,
				38B8697125D3A88600024E0D /* cgPlotBox.cpp in Sources */,
				38B8697225D3A88600024E0D /* cgPlotBox.hpp in Sources */,
				38B8697325D3A88600024E0D /* cgPlotLine.cpp in Sources */,
				38B8697425D3A88600024E0D /* cgPlotLine.hpp in Sources */,
				38B8697525D3A88600024E0D /* cgLog.cpp in Sources */,
				384BEB4E25E2225F00E128B8 /* Mesh.cpp in Sources */,
				38B8697625D3A88600024E0D /* cgWindowBase.h in Sources */,
				38B8697725D3A88600024E0D /* cgWindowBase.cpp in Sources */,
				38B8697825D3A88600024E0D /* Shader.h in Sources */,
				38B8697925D3A88600024E0D /* Shader.cpp in Sources */,
				38B8697A25D3A88600024E0D /* cgLog.hpp in Sources */,
				38B8697B25D3A88600024E0D /* cgVertexArray.cpp in Sources */,
				388FB244261D1B51003C87F8 /* Voxel.cpp in Sources */,
				38B8697C25D3A88600024E0D /* cgVertexArray.h in Sources */,
				38B8697D25D3A88600024E0D /* cgTiming.cpp in Sources */,
				388FB250261EAC91003C87F8 /* Texture.cpp in Sources */,
				38B8697E25D3A88600024E0D /* cgTiming.hpp in Sources */,
				38B8697F25D3A88600024E0D /* cgQuad.cpp in Sources */,
				38B8698025D3A88600024E0D /* cgQuad.h in Sources */,
				38B8698125D3A88600024E0D /* cgColor.h in Sources */,
				38B8698225D3A88600024E0D /* Drawable.h in Sources */,
				38B8698325D3A88600024E0D /* cgRect.hpp in Sources */,
				388FB09E261ACC27003C87F8 /* TestWindow.cpp in Sources */,
				38B8698425D3A88600024E0D /* cGraphics.h in Sources */,
				38B8698525D3A88600024E0D /* cgVec.cpp in Sources */,
				38B8698625D3A88600024E0D /* cgVec.hpp in Sources */,
			);
			runOnlyForDeploymentPostprocessing = 0;
		};
/* End PBXSourcesBuildPhase section */

/* Begin XCBuildConfiguration section */
		3843EF4325CCF62E004EAD53 /* Debug */ = {
			isa = XCBuildConfiguration;
			buildSettings = {
				ALWAYS_SEARCH_USER_PATHS = NO;
				CLANG_ANALYZER_NONNULL = YES;
				CLANG_ANALYZER_NUMBER_OBJECT_CONVERSION = YES_AGGRESSIVE;
				CLANG_CXX_LANGUAGE_STANDARD = "gnu++14";
				CLANG_CXX_LIBRARY = "libc++";
				CLANG_ENABLE_MODULES = YES;
				CLANG_ENABLE_OBJC_ARC = YES;
				CLANG_ENABLE_OBJC_WEAK = YES;
				CLANG_WARN_BLOCK_CAPTURE_AUTORELEASING = YES;
				CLANG_WARN_BOOL_CONVERSION = YES;
				CLANG_WARN_COMMA = YES;
				CLANG_WARN_CONSTANT_CONVERSION = YES;
				CLANG_WARN_DEPRECATED_OBJC_IMPLEMENTATIONS = YES;
				CLANG_WARN_DIRECT_OBJC_ISA_USAGE = YES_ERROR;
				CLANG_WARN_DOCUMENTATION_COMMENTS = YES;
				CLANG_WARN_EMPTY_BODY = YES;
				CLANG_WARN_ENUM_CONVERSION = YES;
				CLANG_WARN_INFINITE_RECURSION = YES;
				CLANG_WARN_INT_CONVERSION = YES;
				CLANG_WARN_NON_LITERAL_NULL_CONVERSION = YES;
				CLANG_WARN_OBJC_IMPLICIT_RETAIN_SELF = YES;
				CLANG_WARN_OBJC_LITERAL_CONVERSION = YES;
				CLANG_WARN_OBJC_ROOT_CLASS = YES_ERROR;
				CLANG_WARN_RANGE_LOOP_ANALYSIS = YES;
				CLANG_WARN_STRICT_PROTOTYPES = YES;
				CLANG_WARN_SUSPICIOUS_MOVE = YES;
				CLANG_WARN_UNGUARDED_AVAILABILITY = YES_AGGRESSIVE;
				CLANG_WARN_UNREACHABLE_CODE = YES;
				CLANG_WARN__DUPLICATE_METHOD_MATCH = YES;
				CODE_SIGN_IDENTITY = "-";
				COPY_PHASE_STRIP = NO;
				DEBUG_INFORMATION_FORMAT = dwarf;
				ENABLE_STRICT_OBJC_MSGSEND = YES;
				ENABLE_TESTABILITY = YES;
				GCC_C_LANGUAGE_STANDARD = gnu11;
				GCC_DYNAMIC_NO_PIC = NO;
				GCC_NO_COMMON_BLOCKS = YES;
				GCC_OPTIMIZATION_LEVEL = 0;
				GCC_PREPROCESSOR_DEFINITIONS = (
					"DEBUG=1",
					"$(inherited)",
				);
				GCC_WARN_64_TO_32_BIT_CONVERSION = YES;
				GCC_WARN_ABOUT_RETURN_TYPE = YES_ERROR;
				GCC_WARN_UNDECLARED_SELECTOR = YES;
				GCC_WARN_UNINITIALIZED_AUTOS = YES_AGGRESSIVE;
				GCC_WARN_UNUSED_FUNCTION = YES;
				GCC_WARN_UNUSED_VARIABLE = YES;
				MACOSX_DEPLOYMENT_TARGET = 10.14;
				MTL_ENABLE_DEBUG_INFO = INCLUDE_SOURCE;
				MTL_FAST_MATH = YES;
				ONLY_ACTIVE_ARCH = YES;
				SDKROOT = macosx;
			};
			name = Debug;
		};
		3843EF4425CCF62E004EAD53 /* Release */ = {
			isa = XCBuildConfiguration;
			buildSettings = {
				ALWAYS_SEARCH_USER_PATHS = NO;
				CLANG_ANALYZER_NONNULL = YES;
				CLANG_ANALYZER_NUMBER_OBJECT_CONVERSION = YES_AGGRESSIVE;
				CLANG_CXX_LANGUAGE_STANDARD = "gnu++14";
				CLANG_CXX_LIBRARY = "libc++";
				CLANG_ENABLE_MODULES = YES;
				CLANG_ENABLE_OBJC_ARC = YES;
				CLANG_ENABLE_OBJC_WEAK = YES;
				CLANG_WARN_BLOCK_CAPTURE_AUTORELEASING = YES;
				CLANG_WARN_BOOL_CONVERSION = YES;
				CLANG_WARN_COMMA = YES;
				CLANG_WARN_CONSTANT_CONVERSION = YES;
				CLANG_WARN_DEPRECATED_OBJC_IMPLEMENTATIONS = YES;
				CLANG_WARN_DIRECT_OBJC_ISA_USAGE = YES_ERROR;
				CLANG_WARN_DOCUMENTATION_COMMENTS = YES;
				CLANG_WARN_EMPTY_BODY = YES;
				CLANG_WARN_ENUM_CONVERSION = YES;
				CLANG_WARN_INFINITE_RECURSION = YES;
				CLANG_WARN_INT_CONVERSION = YES;
				CLANG_WARN_NON_LITERAL_NULL_CONVERSION = YES;
				CLANG_WARN_OBJC_IMPLICIT_RETAIN_SELF = YES;
				CLANG_WARN_OBJC_LITERAL_CONVERSION = YES;
				CLANG_WARN_OBJC_ROOT_CLASS = YES_ERROR;
				CLANG_WARN_RANGE_LOOP_ANALYSIS = YES;
				CLANG_WARN_STRICT_PROTOTYPES = YES;
				CLANG_WARN_SUSPICIOUS_MOVE = YES;
				CLANG_WARN_UNGUARDED_AVAILABILITY = YES_AGGRESSIVE;
				CLANG_WARN_UNREACHABLE_CODE = YES;
				CLANG_WARN__DUPLICATE_METHOD_MATCH = YES;
				CODE_SIGN_IDENTITY = "-";
				COPY_PHASE_STRIP = NO;
				DEBUG_INFORMATION_FORMAT = "dwarf-with-dsym";
				ENABLE_NS_ASSERTIONS = NO;
				ENABLE_STRICT_OBJC_MSGSEND = YES;
				GCC_C_LANGUAGE_STANDARD = gnu11;
				GCC_NO_COMMON_BLOCKS = YES;
				GCC_WARN_64_TO_32_BIT_CONVERSION = YES;
				GCC_WARN_ABOUT_RETURN_TYPE = YES_ERROR;
				GCC_WARN_UNDECLARED_SELECTOR = YES;
				GCC_WARN_UNINITIALIZED_AUTOS = YES_AGGRESSIVE;
				GCC_WARN_UNUSED_FUNCTION = YES;
				GCC_WARN_UNUSED_VARIABLE = YES;
				MACOSX_DEPLOYMENT_TARGET = 10.14;
				MTL_ENABLE_DEBUG_INFO = NO;
				MTL_FAST_MATH = YES;
				SDKROOT = macosx;
			};
			name = Release;
		};
		3843EF4625CCF62E004EAD53 /* Debug */ = {
			isa = XCBuildConfiguration;
			buildSettings = {
				CODE_SIGN_STYLE = Automatic;
				HEADER_SEARCH_PATHS = (
					/usr/local/include,
					"$(PROJECT_DIR)/src/Render_Level",
				);
				LIBRARY_SEARCH_PATHS = (
					"$(inherited)",
					/usr/local/lib,
				);
				PRODUCT_NAME = "$(TARGET_NAME)";
			};
			name = Debug;
		};
		3843EF4725CCF62E004EAD53 /* Release */ = {
			isa = XCBuildConfiguration;
			buildSettings = {
				CODE_SIGN_STYLE = Automatic;
				HEADER_SEARCH_PATHS = (
					/usr/local/include,
					"$(PROJECT_DIR)/src/Render_Level",
				);
				LIBRARY_SEARCH_PATHS = (
					"$(inherited)",
					/usr/local/lib,
				);
				PRODUCT_NAME = "$(TARGET_NAME)";
			};
			name = Release;
		};
		38B8696A25D3A78100024E0D /* Debug */ = {
			isa = XCBuildConfiguration;
			buildSettings = {
				CODE_SIGN_STYLE = Automatic;
				DYLIB_COMPATIBILITY_VERSION = 1;
				DYLIB_CURRENT_VERSION = 1;
				EXECUTABLE_PREFIX = lib;
				HEADER_SEARCH_PATHS = /usr/local/include;
				LIBRARY_SEARCH_PATHS = /usr/local/lib;
				PRODUCT_NAME = "$(TARGET_NAME)";
				SKIP_INSTALL = YES;
			};
			name = Debug;
		};
		38B8696B25D3A78100024E0D /* Release */ = {
			isa = XCBuildConfiguration;
			buildSettings = {
				CODE_SIGN_STYLE = Automatic;
				DYLIB_COMPATIBILITY_VERSION = 1;
				DYLIB_CURRENT_VERSION = 1;
				EXECUTABLE_PREFIX = lib;
				HEADER_SEARCH_PATHS = /usr/local/include;
				LIBRARY_SEARCH_PATHS = /usr/local/lib;
				PRODUCT_NAME = "$(TARGET_NAME)";
				SKIP_INSTALL = YES;
			};
			name = Release;
		};
/* End XCBuildConfiguration section */

/* Begin XCConfigurationList section */
		3843EF3925CCF62E004EAD53 /* Build configuration list for PBXProject "cGraphics" */ = {
			isa = XCConfigurationList;
			buildConfigurations = (
				3843EF4325CCF62E004EAD53 /* Debug */,
				3843EF4425CCF62E004EAD53 /* Release */,
			);
			defaultConfigurationIsVisible = 0;
			defaultConfigurationName = Release;
		};
		3843EF4525CCF62E004EAD53 /* Build configuration list for PBXNativeTarget "cGraphics" */ = {
			isa = XCConfigurationList;
			buildConfigurations = (
				3843EF4625CCF62E004EAD53 /* Debug */,
				3843EF4725CCF62E004EAD53 /* Release */,
			);
			defaultConfigurationIsVisible = 0;
			defaultConfigurationName = Release;
		};
		38B8696925D3A78100024E0D /* Build configuration list for PBXNativeTarget "cgPlot" */ = {
			isa = XCConfigurationList;
			buildConfigurations = (
				38B8696A25D3A78100024E0D /* Debug */,
				38B8696B25D3A78100024E0D /* Release */,
			);
			defaultConfigurationIsVisible = 0;
			defaultConfigurationName = Release;
		};
/* End XCConfigurationList section */
	};
	rootObject = 3843EF3625CCF62E004EAD53 /* Project object */;
}
